
Microsoft Visual Studio Solution File, Format Version 12.00
# Visual Studio 15
VisualStudioVersion = 15.0.26424.2
MinimumVisualStudioVersion = 10.0.40219.1
Project("{888888A0-9F3D-457C-B088-3A5042F75D52}") = "ReproducingSuperConvergence", "ReproducingSuperConvergence\ReproducingSuperConvergence.pyproj", "{D3B47DA5-C68E-4212-9736-0D9EAA487682}"
EndProject
Global
	GlobalSection(SolutionConfigurationPlatforms) = preSolution
		Debug|Any CPU = Debug|Any CPU
		Release|Any CPU = Release|Any CPU
	EndGlobalSection
	GlobalSection(ProjectConfigurationPlatforms) = postSolution
		{D3B47DA5-C68E-4212-9736-0D9EAA487682}.Debug|Any CPU.ActiveCfg = Debug|Any CPU
		{D3B47DA5-C68E-4212-9736-0D9EAA487682}.Release|Any CPU.ActiveCfg = Release|Any CPU
	EndGlobalSection
	GlobalSection(SolutionProperties) = preSolution
		HideSolutionNode = FALSE
	EndGlobalSection
EndGlobal
